// !$*UTF8*$!
{
	archiveVersion = 1;
	classes = {
	};
	objectVersion = 56;
	objects = {

/* Begin PBXBuildFile section */
		A10000000000000000000001 /* VolCApp.swift in Sources */ = {isa = PBXBuildFile; fileRef = A00000000000000000000001 /* VolCApp.swift */; };
		A10000000000000000000002 /* AppDelegate.swift in Sources */ = {isa = PBXBuildFile; fileRef = A00000000000000000000002 /* AppDelegate.swift */; };
		A10000000000000000000003 /* AppVolume.swift in Sources */ = {isa = PBXBuildFile; fileRef = A00000000000000000000003 /* AppVolume.swift */; };
		A10000000000000000000004 /* CoreAudioHALService.swift in Sources */ = {isa = PBXBuildFile; fileRef = A00000000000000000000004 /* CoreAudioHALService.swift */; };
		A10000000000000000000005 /* AppleScriptVolumeBackend.swift in Sources */ = {isa = PBXBuildFile; fileRef = A00000000000000000000005 /* AppleScriptVolumeBackend.swift */; };
		A10000000000000000000006 /* VolumePersistence.swift in Sources */ = {isa = PBXBuildFile; fileRef = A00000000000000000000006 /* VolumePersistence.swift */; };
		A10000000000000000000007 /* LaunchAtLoginService.swift in Sources */ = {isa = PBXBuildFile; fileRef = A00000000000000000000007 /* LaunchAtLoginService.swift */; };
		A10000000000000000000008 /* VolumeMixerViewModel.swift in Sources */ = {isa = PBXBuildFile; fileRef = A00000000000000000000008 /* VolumeMixerViewModel.swift */; };
		A10000000000000000000009 /* PopoverView.swift in Sources */ = {isa = PBXBuildFile; fileRef = A00000000000000000000009 /* PopoverView.swift */; };
		A1000000000000000000000A /* AppVolumeRowView.swift in Sources */ = {isa = PBXBuildFile; fileRef = A0000000000000000000000A /* AppVolumeRowView.swift */; };
		A1000000000000000000000B /* Assets.xcassets in Resources */ = {isa = PBXBuildFile; fileRef = A0000000000000000000000B /* Assets.xcassets */; };
/* End PBXBuildFile section */

/* Begin PBXFileReference section */
		A00000000000000000000001 /* VolCApp.swift */ = {isa = PBXFileReference; lastKnownFileType = sourcecode.swift; path = VolCApp.swift; sourceTree = "<group>"; };
		A00000000000000000000002 /* AppDelegate.swift */ = {isa = PBXFileReference; lastKnownFileType = sourcecode.swift; path = AppDelegate.swift; sourceTree = "<group>"; };
		A00000000000000000000003 /* AppVolume.swift */ = {isa = PBXFileReference; lastKnownFileType = sourcecode.swift; path = AppVolume.swift; sourceTree = "<group>"; };
		A00000000000000000000004 /* CoreAudioHALService.swift */ = {isa = PBXFileReference; lastKnownFileType = sourcecode.swift; path = CoreAudioHALService.swift; sourceTree = "<group>"; };
		A00000000000000000000005 /* AppleScriptVolumeBackend.swift */ = {isa = PBXFileReference; lastKnownFileType = sourcecode.swift; path = AppleScriptVolumeBackend.swift; sourceTree = "<group>"; };
		A00000000000000000000006 /* VolumePersistence.swift */ = {isa = PBXFileReference; lastKnownFileType = sourcecode.swift; path = VolumePersistence.swift; sourceTree = "<group>"; };
		A00000000000000000000007 /* LaunchAtLoginService.swift */ = {isa = PBXFileReference; lastKnownFileType = sourcecode.swift; path = LaunchAtLoginService.swift; sourceTree = "<group>"; };
		A00000000000000000000008 /* VolumeMixerViewModel.swift */ = {isa = PBXFileReference; lastKnownFileType = sourcecode.swift; path = VolumeMixerViewModel.swift; sourceTree = "<group>"; };
		A00000000000000000000009 /* PopoverView.swift */ = {isa = PBXFileReference; lastKnownFileType = sourcecode.swift; path = PopoverView.swift; sourceTree = "<group>"; };
		A0000000000000000000000A /* AppVolumeRowView.swift */ = {isa = PBXFileReference; lastKnownFileType = sourcecode.swift; path = AppVolumeRowView.swift; sourceTree = "<group>"; };
		A0000000000000000000000B /* Assets.xcassets */ = {isa = PBXFileReference; lastKnownFileType = folder.assetcatalog; path = Assets.xcassets; sourceTree = "<group>"; };
		A0000000000000000000000C /* Info.plist */ = {isa = PBXFileReference; lastKnownFileType = text.plist.xml; path = Info.plist; sourceTree = "<group>"; };
		A0000000000000000000000D /* VolC.entitlements */ = {isa = PBXFileReference; lastKnownFileType = text.plist.entitlements; path = VolC.entitlements; sourceTree = "<group>"; };
		A0000000000000000000000E /* VolC.app */ = {isa = PBXFileReference; explicitFileType = wrapper.application; includeInIndex = 0; path = VolC.app; sourceTree = BUILT_PRODUCTS_DIR; };
/* End PBXFileReference section */

/* Begin PBXFrameworksBuildPhase section */
		A20000000000000000000001 /* Frameworks */ = {
			isa = PBXFrameworksBuildPhase;
			buildActionMask = 2147483647;
			files = (
			);
			runOnlyForDeploymentPostprocessing = 0;
		};
/* End PBXFrameworksBuildPhase section */

/* Begin PBXGroup section */
		A30000000000000000000001 = {
			isa = PBXGroup;
			children = (
				A30000000000000000000002 /* VolC */,
				A30000000000000000000003 /* Products */,
			);
			sourceTree = "<group>";
		};
		A30000000000000000000002 /* VolC */ = {
			isa = PBXGroup;
			children = (
				A00000000000000000000001 /* VolCApp.swift */,
				A00000000000000000000002 /* AppDelegate.swift */,
				A30000000000000000000004 /* Models */,
				A30000000000000000000005 /* Services */,
				A30000000000000000000006 /* ViewModels */,
				A30000000000000000000007 /* Views */,
				A30000000000000000000008 /* Resources */,
				A0000000000000000000000C /* Info.plist */,
				A0000000000000000000000D /* VolC.entitlements */,
			);
			path = VolC;
			sourceTree = "<group>";
		};
		A30000000000000000000003 /* Products */ = {
			isa = PBXGroup;
			children = (
				A0000000000000000000000E /* VolC.app */,
			);
			name = Products;
			sourceTree = "<group>";
		};
		A30000000000000000000004 /* Models */ = {
			isa = PBXGroup;
			children = (
				A00000000000000000000003 /* AppVolume.swift */,
			);
			path = Models;
			sourceTree = "<group>";
		};
		A30000000000000000000005 /* Services */ = {
			isa = PBXGroup;
			children = (
				A00000000000000000000004 /* CoreAudioHALService.swift */,
				A00000000000000000000005 /* AppleScriptVolumeBackend.swift */,
				A00000000000000000000006 /* VolumePersistence.swift */,
				A00000000000000000000007 /* LaunchAtLoginService.swift */,
			);
			path = Services;
			sourceTree = "<group>";
		};
		A30000000000000000000006 /* ViewModels */ = {
			isa = PBXGroup;
			children = (
				A00000000000000000000008 /* VolumeMixerViewModel.swift */,
			);
			path = ViewModels;
			sourceTree = "<group>";
		};
		A30000000000000000000007 /* Views */ = {
			isa = PBXGroup;
			children = (
				A00000000000000000000009 /* PopoverView.swift */,
				A0000000000000000000000A /* AppVolumeRowView.swift */,
			);
			path = Views;
			sourceTree = "<group>";
		};
		A30000000000000000000008 /* Resources */ = {
			isa = PBXGroup;
			children = (
				A0000000000000000000000B /* Assets.xcassets */,
			);
			path = Resources;
			sourceTree = "<group>";
		};
/* End PBXGroup section */

/* Begin PBXNativeTarget section */
		A40000000000000000000001 /* VolC */ = {
			isa = PBXNativeTarget;
			buildConfigurationList = A90000000000000000000003 /* Build configuration list for PBXNativeTarget "VolC" */;
			buildPhases = (
				A20000000000000000000002 /* Sources */,
				A20000000000000000000001 /* Frameworks */,
				A20000000000000000000003 /* Resources */,
			);
			buildRules = (
			);
			dependencies = (
			);
			name = VolC;
			productName = VolC;
			productReference = A0000000000000000000000E /* VolC.app */;
			productType = "com.apple.product-type.application";
		};
/* End PBXNativeTarget section */

/* Begin PBXProject section */
		A50000000000000000000001 /* Project object */ = {
			isa = PBXProject;
			attributes = {
				BuildIndependentTargetsInParallel = 1;
				LastSwiftUpdateCheck = 1600;
				LastUpgradeCheck = 1600;
				TargetAttributes = {
					A40000000000000000000001 = {
						CreatedOnToolsVersion = 16.0;
					};
				};
			};
			buildConfigurationList = A90000000000000000000001 /* Build configuration list for PBXProject "VolC" */;
			compatibilityVersion = "Xcode 14.0";
			developmentRegion = en;
			hasScannedForEncodings = 0;
			knownRegions = (
				en,
				Base,
			);
			mainGroup = A30000000000000000000001;
			productRefGroup = A30000000000000000000003 /* Products */;
			projectDirPath = "";
			projectRoot = "";
			targets = (
				A40000000000000000000001 /* VolC */,
			);
		};
/* End PBXProject section */

/* Begin PBXResourcesBuildPhase section */
		A20000000000000000000003 /* Resources */ = {
			isa = PBXResourcesBuildPhase;
			buildActionMask = 2147483647;
			files = (
				A1000000000000000000000B /* Assets.xcassets in Resources */,
			);
			runOnlyForDeploymentPostprocessing = 0;
		};
/* End PBXResourcesBuildPhase section */

/* Begin PBXSourcesBuildPhase section */
		A20000000000000000000002 /* Sources */ = {
			isa = PBXSourcesBuildPhase;
			buildActionMask = 2147483647;
			files = (
				A10000000000000000000001 /* VolCApp.swift in Sources */,
				A10000000000000000000002 /* AppDelegate.swift in Sources */,
				A10000000000000000000003 /* AppVolume.swift in Sources */,
				A10000000000000000000004 /* CoreAudioHALService.swift in Sources */,
				A10000000000000000000005 /* AppleScriptVolumeBackend.swift in Sources */,
				A10000000000000000000006 /* VolumePersistence.swift in Sources */,
				A10000000000000000000007 /* LaunchAtLoginService.swift in Sources */,
				A10000000000000000000008 /* VolumeMixerViewModel.swift in Sources */,
				A10000000000000000000009 /* PopoverView.swift in Sources */,
				A1000000000000000000000A /* AppVolumeRowView.swift in Sources */,
			);
			runOnlyForDeploymentPostprocessing = 0;
		};
/* End PBXSourcesBuildPhase section */

/* Begin XCBuildConfiguration section */
		A90000000000000000000002 /* Debug */ = {
			isa = XCBuildConfiguration;
			buildSettings = {
				ALWAYS_SEARCH_USER_PATHS = NO;
				CLANG_ANALYZER_NONNULL = YES;
				CLANG_ANALYZER_NUMBER_OBJECT_CONVERSION = YES_AGGRESSIVE;
				CLANG_CXX_LANGUAGE_STANDARD = "gnu++20";
				CLANG_ENABLE_MODULES = YES;
				CLANG_ENABLE_OBJC_ARC = YES;
				CLANG_ENABLE_OBJC_WEAK = YES;
				CLANG_WARN_BLOCK_CAPTURE_AUTORELEASING = YES;
				CLANG_WARN_BOOL_CONVERSION = YES;
				CLANG_WARN_COMMA = YES;
				CLANG_WARN_CONSTANT_CONVERSION = YES;
				CLANG_WARN_DEPRECATED_OBJC_IMPLEMENTATIONS = YES;
				CLANG_WARN_DIRECT_OBJC_ISA_USAGE = YES_ERROR;
				CLANG_WARN_DOCUMENTATION_COMMENTS = YES;
				CLANG_WARN_EMPTY_BODY = YES;
				CLANG_WARN_ENUM_CONVERSION = YES;
				CLANG_WARN_INFINITE_RECURSION = YES;
				CLANG_WARN_INT_CONVERSION = YES;
				CLANG_WARN_NON_LITERAL_NULL_CONVERSION = YES;
				CLANG_WARN_OBJC_IMPLICIT_RETAIN_SELF = YES;
				CLANG_WARN_OBJC_LITERAL_CONVERSION = YES;
				CLANG_WARN_OBJC_ROOT_CLASS = YES_ERROR;
				CLANG_WARN_QUOTED_INCLUDE_IN_FRAMEWORK_HEADER = YES;
				CLANG_WARN_RANGE_LOOP_ANALYSIS = YES;
				CLANG_WARN_STRICT_PROTOTYPES = YES;
				CLANG_WARN_SUSPICIOUS_MOVE = YES;
				CLANG_WARN_UNGUARDED_AVAILABILITY = YES_AGGRESSIVE;
				CLANG_WARN_UNREACHABLE_CODE = YES;
				CLANG_WARN__DUPLICATE_METHOD_MATCH = YES;
				COPY_PHASE_STRIP = NO;
				DEBUG_INFORMATION_FORMAT = dwarf;
				ENABLE_STRICT_OBJC_MSGSEND = YES;
				ENABLE_TESTABILITY = YES;
				ENABLE_USER_SCRIPT_SANDBOXING = YES;
				GCC_C_LANGUAGE_STANDARD = gnu17;
				GCC_DYNAMIC_NO_PIC = NO;
				GCC_NO_COMMON_BLOCKS = YES;
				GCC_OPTIMIZATION_LEVEL = 0;
				GCC_PREPROCESSOR_DEFINITIONS = (
					"DEBUG=1",
					"$(inherited)",
				);
				GCC_WARN_64_TO_32_BIT_CONVERSION = YES;
				GCC_WARN_ABOUT_RETURN_TYPE = YES_ERROR;
				GCC_WARN_UNDECLARED_SELECTOR = YES;
				GCC_WARN_UNINITIALIZED_AUTOS = YES_AGGRESSIVE;
				GCC_WARN_UNUSED_FUNCTION = YES;
				GCC_WARN_UNUSED_VARIABLE = YES;
				MACOSX_DEPLOYMENT_TARGET = 13.0;
				MTL_ENABLE_DEBUG_INFO = INCLUDE_SOURCE;
				MTL_FAST_MATH = YES;
				ONLY_ACTIVE_ARCH = YES;
				SDKROOT = macosx;
				SWIFT_ACTIVE_COMPILATION_CONDITIONS = DEBUG;
				SWIFT_OPTIMIZATION_LEVEL = "-Onone";
			};
			name = Debug;
		};
		A90000000000000000000004 /* Debug */ = {
			isa = XCBuildConfiguration;
			buildSettings = {
				ASSETCATALOG_COMPILER_ACCENT_COLOR_NAME = AccentColor;
				ASSETCATALOG_COMPILER_APPICON_NAME = AppIcon;
				CODE_SIGN_ENTITLEMENTS = VolC/VolC.entitlements;
				CODE_SIGN_STYLE = Automatic;
				CURRENT_PROJECT_VERSION = 1;
				DEVELOPMENT_ASSET_PATHS = "";
				ENABLE_HARDENED_RUNTIME = YES;
				ENABLE_PREVIEWS = YES;
				GENERATE_INFOPLIST_FILE = NO;
				INFOPLIST_FILE = VolC/Info.plist;
				LD_RUNPATH_SEARCH_PATHS = (
					"$(inherited)",
					"@executable_path/../Frameworks",
				);
				MACOSX_DEPLOYMENT_TARGET = 13.0;
				MARKETING_VERSION = 1.0;
				PRODUCT_BUNDLE_IDENTIFIER = com.bakar404.VolC;
				PRODUCT_NAME = "$(TARGET_NAME)";
				SWIFT_EMIT_LOC_STRINGS = YES;
				SWIFT_VERSION = 5.0;
			};
			name = Debug;
		};
		A90000000000000000000005 /* Release */ = {
			isa = XCBuildConfiguration;
			buildSettings = {
				ASSETCATALOG_COMPILER_ACCENT_COLOR_NAME = AccentColor;
				ASSETCATALOG_COMPILER_APPICON_NAME = AppIcon;
				CODE_SIGN_ENTITLEMENTS = VolC/VolC.entitlements;
				CODE_SIGN_STYLE = Automatic;
				CURRENT_PROJECT_VERSION = 1;
				DEVELOPMENT_ASSET_PATHS = "";
				ENABLE_HARDENED_RUNTIME = YES;
				ENABLE_PREVIEWS = YES;
				GENERATE_INFOPLIST_FILE = NO;
				INFOPLIST_FILE = VolC/Info.plist;
				LD_RUNPATH_SEARCH_PATHS = (
					"$(inherited)",
					"@executable_path/../Frameworks",
				);
				MACOSX_DEPLOYMENT_TARGET = 13.0;
				MARKETING_VERSION = 1.0;
				PRODUCT_BUNDLE_IDENTIFIER = com.bakar404.VolC;
				PRODUCT_NAME = "$(TARGET_NAME)";
				SWIFT_COMPILATION_MODE = wholemodule;
				SWIFT_EMIT_LOC_STRINGS = YES;
				SWIFT_VERSION = 5.0;
			};
			name = Release;
		};
		A90000000000000000000006 /* Release */ = {
			isa = XCBuildConfiguration;
			buildSettings = {
				ALWAYS_SEARCH_USER_PATHS = NO;
				CLANG_ANALYZER_NONNULL = YES;
				CLANG_ANALYZER_NUMBER_OBJECT_CONVERSION = YES_AGGRESSIVE;
				CLANG_CXX_LANGUAGE_STANDARD = "gnu++20";
				CLANG_ENABLE_MODULES = YES;
				CLANG_ENABLE_OBJC_ARC = YES;
				CLANG_ENABLE_OBJC_WEAK = YES;
				CLANG_WARN_BLOCK_CAPTURE_AUTORELEASING = YES;
				CLANG_WARN_BOOL_CONVERSION = YES;
				CLANG_WARN_COMMA = YES;
				CLANG_WARN_CONSTANT_CONVERSION = YES;
				CLANG_WARN_DEPRECATED_OBJC_IMPLEMENTATIONS = YES;
				CLANG_WARN_DIRECT_OBJC_ISA_USAGE = YES_ERROR;
				CLANG_WARN_DOCUMENTATION_COMMENTS = YES;
				CLANG_WARN_EMPTY_BODY = YES;
				CLANG_WARN_ENUM_CONVERSION = YES;
				CLANG_WARN_INFINITE_RECURSION = YES;
				CLANG_WARN_INT_CONVERSION = YES;
				CLANG_WARN_NON_LITERAL_NULL_CONVERSION = YES;
				CLANG_WARN_OBJC_IMPLICIT_RETAIN_SELF = YES;
				CLANG_WARN_OBJC_LITERAL_CONVERSION = YES;
				CLANG_WARN_OBJC_ROOT_CLASS = YES_ERROR;
				CLANG_WARN_QUOTED_INCLUDE_IN_FRAMEWORK_HEADER = YES;
				CLANG_WARN_RANGE_LOOP_ANALYSIS = YES;
				CLANG_WARN_STRICT_PROTOTYPES = YES;
				CLANG_WARN_SUSPICIOUS_MOVE = YES;
				CLANG_WARN_UNGUARDED_AVAILABILITY = YES_AGGRESSIVE;
				CLANG_WARN_UNREACHABLE_CODE = YES;
				CLANG_WARN__DUPLICATE_METHOD_MATCH = YES;
				COPY_PHASE_STRIP = NO;
				DEBUG_INFORMATION_FORMAT = "dwarf-with-dsym";
				ENABLE_NS_ASSERTIONS = NO;
				ENABLE_STRICT_OBJC_MSGSEND = YES;
				ENABLE_USER_SCRIPT_SANDBOXING = YES;
				GCC_C_LANGUAGE_STANDARD = gnu17;
				GCC_NO_COMMON_BLOCKS = YES;
				GCC_WARN_64_TO_32_BIT_CONVERSION = YES;
				GCC_WARN_ABOUT_RETURN_TYPE = YES_ERROR;
				GCC_WARN_UNDECLARED_SELECTOR = YES;
				GCC_WARN_UNINITIALIZED_AUTOS = YES_AGGRESSIVE;
				GCC_WARN_UNUSED_FUNCTION = YES;
				GCC_WARN_UNUSED_VARIABLE = YES;
				MACOSX_DEPLOYMENT_TARGET = 13.0;
				MTL_ENABLE_DEBUG_INFO = NO;
				MTL_FAST_MATH = YES;
				SDKROOT = macosx;
				SWIFT_COMPILATION_MODE = wholemodule;
				SWIFT_OPTIMIZATION_LEVEL = "-O";
			};
			name = Release;
		};
/* End XCBuildConfiguration section */

/* Begin XCConfigurationList section */
		A90000000000000000000001 /* Build configuration list for PBXProject "VolC" */ = {
			isa = XCConfigurationList;
			buildConfigurations = (
				A90000000000000000000002 /* Debug */,
				A90000000000000000000006 /* Release */,
			);
			defaultConfigurationIsVisible = 0;
			defaultConfigurationName = Release;
		};
		A90000000000000000000003 /* Build configuration list for PBXNativeTarget "VolC" */ = {
			isa = XCConfigurationList;
			buildConfigurations = (
				A90000000000000000000004 /* Debug */,
				A90000000000000000000005 /* Release */,
			);
			defaultConfigurationIsVisible = 0;
			defaultConfigurationName = Release;
		};
/* End XCConfigurationList section */
	};
	rootObject = A50000000000000000000001 /* Project object */;
}
